
Microsoft Visual Studio Solution File, Format Version 12.00
# Visual Studio 15
VisualStudioVersion = 15.0.27703.2018
MinimumVisualStudioVersion = 10.0.40219.1
Project("{9A19103F-16F7-4668-BE54-9A1E7A4F7556}") = "Gtf.TestePratico.ConsoleApp", "Gtf.TestePratico.ConsoleApp\Gtf.TestePratico.ConsoleApp.csproj", "{CABD256B-DC9D-4DC6-B041-426CA58F3A06}"
EndProject
Project("{9A19103F-16F7-4668-BE54-9A1E7A4F7556}") = "Gtf.TestePratico.Dll", "Gtf.TestePratico.Dll\Gtf.TestePratico.Dll.csproj", "{D310B2D4-CB98-4324-A7DE-3B347AD63035}"
EndProject
Project("{9A19103F-16F7-4668-BE54-9A1E7A4F7556}") = "Gtf.TestePratico.UnitTest", "Gtf.TestePratico.UnitTest\Gtf.TestePratico.UnitTest.csproj", "{ABD981F3-70C3-45C3-8C4A-89D9D39C1BD0}"
EndProject
Project("{2150E333-8FDC-42A3-9474-1A3956D46DE8}") = "Solution Items", "Solution Items", "{33E1BB45-208D-48B8-9249-3E06F5AE2238}"
	ProjectSection(SolutionItems) = preProject
		Script.txt = Script.txt
	EndProjectSection
EndProject
Global
	GlobalSection(SolutionConfigurationPlatforms) = preSolution
		Debug|Any CPU = Debug|Any CPU
		Release|Any CPU = Release|Any CPU
	EndGlobalSection
	GlobalSection(ProjectConfigurationPlatforms) = postSolution
		{CABD256B-DC9D-4DC6-B041-426CA58F3A06}.Debug|Any CPU.ActiveCfg = Debug|Any CPU
		{CABD256B-DC9D-4DC6-B041-426CA58F3A06}.Debug|Any CPU.Build.0 = Debug|Any CPU
		{CABD256B-DC9D-4DC6-B041-426CA58F3A06}.Release|Any CPU.ActiveCfg = Release|Any CPU
		{CABD256B-DC9D-4DC6-B041-426CA58F3A06}.Release|Any CPU.Build.0 = Release|Any CPU
		{D310B2D4-CB98-4324-A7DE-3B347AD63035}.Debug|Any CPU.ActiveCfg = Debug|Any CPU
		{D310B2D4-CB98-4324-A7DE-3B347AD63035}.Debug|Any CPU.Build.0 = Debug|Any CPU
		{D310B2D4-CB98-4324-A7DE-3B347AD63035}.Release|Any CPU.ActiveCfg = Release|Any CPU
		{D310B2D4-CB98-4324-A7DE-3B347AD63035}.Release|Any CPU.Build.0 = Release|Any CPU
		{ABD981F3-70C3-45C3-8C4A-89D9D39C1BD0}.Debug|Any CPU.ActiveCfg = Debug|Any CPU
		{ABD981F3-70C3-45C3-8C4A-89D9D39C1BD0}.Debug|Any CPU.Build.0 = Debug|Any CPU
		{ABD981F3-70C3-45C3-8C4A-89D9D39C1BD0}.Release|Any CPU.ActiveCfg = Release|Any CPU
		{ABD981F3-70C3-45C3-8C4A-89D9D39C1BD0}.Release|Any CPU.Build.0 = Release|Any CPU
	EndGlobalSection
	GlobalSection(SolutionProperties) = preSolution
		HideSolutionNode = FALSE
	EndGlobalSection
	GlobalSection(ExtensibilityGlobals) = postSolution
		SolutionGuid = {5F77BC89-74C6-4102-A135-D3177237C0F4}
	EndGlobalSection
EndGlobal
